
Microsoft Visual Studio Solution File, Format Version 12.00
# Visual Studio 15
VisualStudioVersion = 15.0.28307.1209
MinimumVisualStudioVersion = 10.0.40219.1
Project("{FAE04EC0-301F-11D3-BF4B-00C04F79EFBC}") = "WebAppDoDungTreEm", "WebAppDoDungTreEm\WebAppDoDungTreEm.csproj", "{D06AFDE7-1FDE-4861-BF01-FD7D0E72EB04}"
EndProject
Global
	GlobalSection(SolutionConfigurationPlatforms) = preSolution
		Debug|Any CPU = Debug|Any CPU
		Release|Any CPU = Release|Any CPU
	EndGlobalSection
	GlobalSection(ProjectConfigurationPlatforms) = postSolution
		{D06AFDE7-1FDE-4861-BF01-FD7D0E72EB04}.Debug|Any CPU.ActiveCfg = Debug|Any CPU
		{D06AFDE7-1FDE-4861-BF01-FD7D0E72EB04}.Debug|Any CPU.Build.0 = Debug|Any CPU
		{D06AFDE7-1FDE-4861-BF01-FD7D0E72EB04}.Release|Any CPU.ActiveCfg = Release|Any CPU
		{D06AFDE7-1FDE-4861-BF01-FD7D0E72EB04}.Release|Any CPU.Build.0 = Release|Any CPU
	EndGlobalSection
	GlobalSection(SolutionProperties) = preSolution
		HideSolutionNode = FALSE
	EndGlobalSection
	GlobalSection(ExtensibilityGlobals) = postSolution
		SolutionGuid = {6EFF86A0-A8FB-479E-B1DD-51F28C65DD14}
	EndGlobalSection
EndGlobal
